// !$*UTF8*$!
{
	archiveVersion = 1;
	classes = {
	};
	objectVersion = 50;
	objects = {

/* Begin PBXBuildFile section */
		555E168B20A13A8600ABB5D2 /* PhoneViewController.swift in Sources */ = {isa = PBXBuildFile; fileRef = 555E168A20A13A8600ABB5D2 /* PhoneViewController.swift */; };
		5F7E422020B4BBDE0069B9C5 /* ChatViewController.swift in Sources */ = {isa = PBXBuildFile; fileRef = 5F7E421F20B4BBDE0069B9C5 /* ChatViewController.swift */; };
		5F7E422220B4BF850069B9C5 /* MockMessage.swift in Sources */ = {isa = PBXBuildFile; fileRef = 5F7E422120B4BF840069B9C5 /* MockMessage.swift */; };
		5F902FA3209A24CD0091EE89 /* RoomChatViewController.swift in Sources */ = {isa = PBXBuildFile; fileRef = 5F902FA2209A24CD0091EE89 /* RoomChatViewController.swift */; };
		5F941240209BBB4800243E8C /* Room.swift in Sources */ = {isa = PBXBuildFile; fileRef = 5F94123F209BBB4800243E8C /* Room.swift */; };
		5FA0937E209271E40023CB8D /* CustomButtonWithIcon.swift in Sources */ = {isa = PBXBuildFile; fileRef = 5FA0937B209271E40023CB8D /* CustomButtonWithIcon.swift */; };
		5FA0937F209271E40023CB8D /* CustomTextField.swift in Sources */ = {isa = PBXBuildFile; fileRef = 5FA0937C209271E40023CB8D /* CustomTextField.swift */; };
		5FA09380209271E40023CB8D /* CustomButton.swift in Sources */ = {isa = PBXBuildFile; fileRef = 5FA0937D209271E40023CB8D /* CustomButton.swift */; };
		5FA09383209276440023CB8D /* AuthService.swift in Sources */ = {isa = PBXBuildFile; fileRef = 5FA09382209276440023CB8D /* AuthService.swift */; };
		5FA0938620927B590023CB8D /* SocialViewController.swift in Sources */ = {isa = PBXBuildFile; fileRef = 5FA0938520927B590023CB8D /* SocialViewController.swift */; };
		5FA0938820927F800023CB8D /* GoogleService-Info.plist in Resources */ = {isa = PBXBuildFile; fileRef = 5FA0938720927F800023CB8D /* GoogleService-Info.plist */; };
		5FC3DACE209267AC00DD42F4 /* AppDelegate.swift in Sources */ = {isa = PBXBuildFile; fileRef = 5FC3DACD209267AC00DD42F4 /* AppDelegate.swift */; };
		5FC3DAD0209267AC00DD42F4 /* LoginViewController.swift in Sources */ = {isa = PBXBuildFile; fileRef = 5FC3DACF209267AC00DD42F4 /* LoginViewController.swift */; };
		5FC3DAD3209267AC00DD42F4 /* Main.storyboard in Resources */ = {isa = PBXBuildFile; fileRef = 5FC3DAD1209267AC00DD42F4 /* Main.storyboard */; };
		5FC3DAD5209267AE00DD42F4 /* Assets.xcassets in Resources */ = {isa = PBXBuildFile; fileRef = 5FC3DAD4209267AE00DD42F4 /* Assets.xcassets */; };
		5FC3DAD8209267AE00DD42F4 /* LaunchScreen.storyboard in Resources */ = {isa = PBXBuildFile; fileRef = 5FC3DAD6209267AE00DD42F4 /* LaunchScreen.storyboard */; };
		D69FD586ED6BFBD6FF9E0185 /* Pods_ProjectX.framework in Frameworks */ = {isa = PBXBuildFile; fileRef = C6C31C5A79FDC330261380EB /* Pods_ProjectX.framework */; };
/* End PBXBuildFile section */

/* Begin PBXFileReference section */
		4E61F0DAD75EE5117BC7EB4D /* Pods-ProjectX.release.xcconfig */ = {isa = PBXFileReference; includeInIndex = 1; lastKnownFileType = text.xcconfig; name = "Pods-ProjectX.release.xcconfig"; path = "Pods/Target Support Files/Pods-ProjectX/Pods-ProjectX.release.xcconfig"; sourceTree = "<group>"; };
		555E168A20A13A8600ABB5D2 /* PhoneViewController.swift */ = {isa = PBXFileReference; lastKnownFileType = sourcecode.swift; path = PhoneViewController.swift; sourceTree = "<group>"; };
		5F7E421F20B4BBDE0069B9C5 /* ChatViewController.swift */ = {isa = PBXFileReference; lastKnownFileType = sourcecode.swift; path = ChatViewController.swift; sourceTree = "<group>"; };
		5F7E422120B4BF840069B9C5 /* MockMessage.swift */ = {isa = PBXFileReference; fileEncoding = 4; lastKnownFileType = sourcecode.swift; path = MockMessage.swift; sourceTree = "<group>"; };
		5F902FA2209A24CD0091EE89 /* RoomChatViewController.swift */ = {isa = PBXFileReference; lastKnownFileType = sourcecode.swift; path = RoomChatViewController.swift; sourceTree = "<group>"; };
		5F94123F209BBB4800243E8C /* Room.swift */ = {isa = PBXFileReference; fileEncoding = 4; lastKnownFileType = sourcecode.swift; path = Room.swift; sourceTree = "<group>"; };
		5FA0937B209271E40023CB8D /* CustomButtonWithIcon.swift */ = {isa = PBXFileReference; fileEncoding = 4; lastKnownFileType = sourcecode.swift; path = CustomButtonWithIcon.swift; sourceTree = "<group>"; };
		5FA0937C209271E40023CB8D /* CustomTextField.swift */ = {isa = PBXFileReference; fileEncoding = 4; lastKnownFileType = sourcecode.swift; path = CustomTextField.swift; sourceTree = "<group>"; };
		5FA0937D209271E40023CB8D /* CustomButton.swift */ = {isa = PBXFileReference; fileEncoding = 4; lastKnownFileType = sourcecode.swift; path = CustomButton.swift; sourceTree = "<group>"; };
		5FA09382209276440023CB8D /* AuthService.swift */ = {isa = PBXFileReference; lastKnownFileType = sourcecode.swift; path = AuthService.swift; sourceTree = "<group>"; };
		5FA0938520927B590023CB8D /* SocialViewController.swift */ = {isa = PBXFileReference; lastKnownFileType = sourcecode.swift; path = SocialViewController.swift; sourceTree = "<group>"; };
		5FA0938720927F800023CB8D /* GoogleService-Info.plist */ = {isa = PBXFileReference; fileEncoding = 4; lastKnownFileType = text.plist.xml; path = "GoogleService-Info.plist"; sourceTree = "<group>"; };
		5FAED9E42093C06E0060187F /* ProjectX.entitlements */ = {isa = PBXFileReference; lastKnownFileType = text.plist.entitlements; path = ProjectX.entitlements; sourceTree = "<group>"; };
		5FC3DACA209267AC00DD42F4 /* ProjectX.app */ = {isa = PBXFileReference; explicitFileType = wrapper.application; includeInIndex = 0; path = ProjectX.app; sourceTree = BUILT_PRODUCTS_DIR; };
		5FC3DACD209267AC00DD42F4 /* AppDelegate.swift */ = {isa = PBXFileReference; lastKnownFileType = sourcecode.swift; path = AppDelegate.swift; sourceTree = "<group>"; };
		5FC3DACF209267AC00DD42F4 /* LoginViewController.swift */ = {isa = PBXFileReference; lastKnownFileType = sourcecode.swift; path = LoginViewController.swift; sourceTree = "<group>"; };
		5FC3DAD2209267AC00DD42F4 /* Base */ = {isa = PBXFileReference; lastKnownFileType = file.storyboard; name = Base; path = Base.lproj/Main.storyboard; sourceTree = "<group>"; };
		5FC3DAD4209267AE00DD42F4 /* Assets.xcassets */ = {isa = PBXFileReference; lastKnownFileType = folder.assetcatalog; path = Assets.xcassets; sourceTree = "<group>"; };
		5FC3DAD7209267AE00DD42F4 /* Base */ = {isa = PBXFileReference; lastKnownFileType = file.storyboard; name = Base; path = Base.lproj/LaunchScreen.storyboard; sourceTree = "<group>"; };
		5FC3DAD9209267AE00DD42F4 /* Info.plist */ = {isa = PBXFileReference; lastKnownFileType = text.plist.xml; path = Info.plist; sourceTree = "<group>"; };
		A9F24693BCDEFCC13737BEE3 /* Pods-ProjectX.debug.xcconfig */ = {isa = PBXFileReference; includeInIndex = 1; lastKnownFileType = text.xcconfig; name = "Pods-ProjectX.debug.xcconfig"; path = "Pods/Target Support Files/Pods-ProjectX/Pods-ProjectX.debug.xcconfig"; sourceTree = "<group>"; };
		C6C31C5A79FDC330261380EB /* Pods_ProjectX.framework */ = {isa = PBXFileReference; explicitFileType = wrapper.framework; includeInIndex = 0; path = Pods_ProjectX.framework; sourceTree = BUILT_PRODUCTS_DIR; };
/* End PBXFileReference section */

/* Begin PBXFrameworksBuildPhase section */
		5FC3DAC7209267AC00DD42F4 /* Frameworks */ = {
			isa = PBXFrameworksBuildPhase;
			buildActionMask = 2147483647;
			files = (
				D69FD586ED6BFBD6FF9E0185 /* Pods_ProjectX.framework in Frameworks */,
			);
			runOnlyForDeploymentPostprocessing = 0;
		};
/* End PBXFrameworksBuildPhase section */

/* Begin PBXGroup section */
		2470C717A36F8666F1BAD32A /* Frameworks */ = {
			isa = PBXGroup;
			children = (
				C6C31C5A79FDC330261380EB /* Pods_ProjectX.framework */,
			);
			name = Frameworks;
			sourceTree = "<group>";
		};
		5F94123E209BBB4800243E8C /* Model */ = {
			isa = PBXGroup;
			children = (
				5F7E422120B4BF840069B9C5 /* MockMessage.swift */,
				5F94123F209BBB4800243E8C /* Room.swift */,
			);
			path = Model;
			sourceTree = "<group>";
		};
		5FA0937A209271C10023CB8D /* Views */ = {
			isa = PBXGroup;
			children = (
				5FA0937D209271E40023CB8D /* CustomButton.swift */,
				5FA0937B209271E40023CB8D /* CustomButtonWithIcon.swift */,
				5FA0937C209271E40023CB8D /* CustomTextField.swift */,
			);
			path = Views;
			sourceTree = "<group>";
		};
		5FA093812092761E0023CB8D /* ServicesAuth */ = {
			isa = PBXGroup;
			children = (
				5FA09382209276440023CB8D /* AuthService.swift */,
			);
			path = ServicesAuth;
			sourceTree = "<group>";
		};
		5FA0938420927AFA0023CB8D /* Controllers */ = {
			isa = PBXGroup;
			children = (
				5FC3DACF209267AC00DD42F4 /* LoginViewController.swift */,
				5FA0938520927B590023CB8D /* SocialViewController.swift */,
				5F902FA2209A24CD0091EE89 /* RoomChatViewController.swift */,
				555E168A20A13A8600ABB5D2 /* PhoneViewController.swift */,
				5F7E421F20B4BBDE0069B9C5 /* ChatViewController.swift */,
			);
			path = Controllers;
			sourceTree = "<group>";
		};
		5FC3DAC1209267AC00DD42F4 = {
			isa = PBXGroup;
			children = (
				5FC3DACC209267AC00DD42F4 /* ProjectX */,
				5FC3DACB209267AC00DD42F4 /* Products */,
				D629AAFD8FD44BB8D0F2864D /* Pods */,
				2470C717A36F8666F1BAD32A /* Frameworks */,
			);
			sourceTree = "<group>";
		};
		5FC3DACB209267AC00DD42F4 /* Products */ = {
			isa = PBXGroup;
			children = (
				5FC3DACA209267AC00DD42F4 /* ProjectX.app */,
			);
			name = Products;
			sourceTree = "<group>";
		};
		5FC3DACC209267AC00DD42F4 /* ProjectX */ = {
			isa = PBXGroup;
			children = (
				5FAED9E42093C06E0060187F /* ProjectX.entitlements */,
				5F94123E209BBB4800243E8C /* Model */,
				5FA093812092761E0023CB8D /* ServicesAuth */,
				5FA0937A209271C10023CB8D /* Views */,
				5FA0938420927AFA0023CB8D /* Controllers */,
				5FC3DACD209267AC00DD42F4 /* AppDelegate.swift */,
				5FC3DAD1209267AC00DD42F4 /* Main.storyboard */,
				5FC3DAD4209267AE00DD42F4 /* Assets.xcassets */,
				5FC3DAD6209267AE00DD42F4 /* LaunchScreen.storyboard */,
				5FA0938720927F800023CB8D /* GoogleService-Info.plist */,
				5FC3DAD9209267AE00DD42F4 /* Info.plist */,
			);
			path = ProjectX;
			sourceTree = "<group>";
		};
		D629AAFD8FD44BB8D0F2864D /* Pods */ = {
			isa = PBXGroup;
			children = (
				A9F24693BCDEFCC13737BEE3 /* Pods-ProjectX.debug.xcconfig */,
				4E61F0DAD75EE5117BC7EB4D /* Pods-ProjectX.release.xcconfig */,
			);
			name = Pods;
			sourceTree = "<group>";
		};
/* End PBXGroup section */

/* Begin PBXNativeTarget section */
		5FC3DAC9209267AC00DD42F4 /* ProjectX */ = {
			isa = PBXNativeTarget;
			buildConfigurationList = 5FC3DADC209267AE00DD42F4 /* Build configuration list for PBXNativeTarget "ProjectX" */;
			buildPhases = (
				8D401B6CF6B74DF8DF26AA6A /* [CP] Check Pods Manifest.lock */,
				5FC3DAC6209267AC00DD42F4 /* Sources */,
				5FC3DAC7209267AC00DD42F4 /* Frameworks */,
				5FC3DAC8209267AC00DD42F4 /* Resources */,
				19308F6D464176FC2F7DE5A9 /* [CP] Embed Pods Frameworks */,
				A949CD2DDD0DC303557FFB2F /* [CP] Copy Pods Resources */,
			);
			buildRules = (
			);
			dependencies = (
			);
			name = ProjectX;
			productName = ProjectX;
			productReference = 5FC3DACA209267AC00DD42F4 /* ProjectX.app */;
			productType = "com.apple.product-type.application";
		};
/* End PBXNativeTarget section */

/* Begin PBXProject section */
		5FC3DAC2209267AC00DD42F4 /* Project object */ = {
			isa = PBXProject;
			attributes = {
				KnownAssetTags = (
					1,
					2,
				);
				LastSwiftUpdateCheck = 0930;
				LastUpgradeCheck = 0930;
				ORGANIZATIONNAME = BrangerBriz;
				TargetAttributes = {
					5FC3DAC9209267AC00DD42F4 = {
						CreatedOnToolsVersion = 9.3;
						SystemCapabilities = {
							com.apple.Push = {
								enabled = 1;
							};
						};
					};
				};
			};
			buildConfigurationList = 5FC3DAC5209267AC00DD42F4 /* Build configuration list for PBXProject "ProjectX" */;
			compatibilityVersion = "Xcode 9.3";
			developmentRegion = en;
			hasScannedForEncodings = 0;
			knownRegions = (
				en,
				Base,
			);
			mainGroup = 5FC3DAC1209267AC00DD42F4;
			productRefGroup = 5FC3DACB209267AC00DD42F4 /* Products */;
			projectDirPath = "";
			projectRoot = "";
			targets = (
				5FC3DAC9209267AC00DD42F4 /* ProjectX */,
			);
		};
/* End PBXProject section */

/* Begin PBXResourcesBuildPhase section */
		5FC3DAC8209267AC00DD42F4 /* Resources */ = {
			isa = PBXResourcesBuildPhase;
			buildActionMask = 2147483647;
			files = (
				5FA0938820927F800023CB8D /* GoogleService-Info.plist in Resources */,
				5FC3DAD8209267AE00DD42F4 /* LaunchScreen.storyboard in Resources */,
				5FC3DAD5209267AE00DD42F4 /* Assets.xcassets in Resources */,
				5FC3DAD3209267AC00DD42F4 /* Main.storyboard in Resources */,
			);
			runOnlyForDeploymentPostprocessing = 0;
		};
/* End PBXResourcesBuildPhase section */

/* Begin PBXShellScriptBuildPhase section */
		19308F6D464176FC2F7DE5A9 /* [CP] Embed Pods Frameworks */ = {
			isa = PBXShellScriptBuildPhase;
			buildActionMask = 2147483647;
			files = (
			);
			inputPaths = (
				"${SRCROOT}/Pods/Target Support Files/Pods-ProjectX/Pods-ProjectX-frameworks.sh",
				"${BUILT_PRODUCTS_DIR}/Bolts/Bolts.framework",
				"${BUILT_PRODUCTS_DIR}/FBSDKCoreKit/FBSDKCoreKit.framework",
				"${BUILT_PRODUCTS_DIR}/FBSDKLoginKit/FBSDKLoginKit.framework",
				"${BUILT_PRODUCTS_DIR}/FacebookCore/FacebookCore.framework",
				"${BUILT_PRODUCTS_DIR}/FacebookLogin/FacebookLogin.framework",
				"${BUILT_PRODUCTS_DIR}/GTMOAuth2/GTMOAuth2.framework",
				"${BUILT_PRODUCTS_DIR}/GTMSessionFetcher/GTMSessionFetcher.framework",
				"${BUILT_PRODUCTS_DIR}/GoogleToolboxForMac/GoogleToolboxForMac.framework",
				"${BUILT_PRODUCTS_DIR}/MessageKit/MessageKit.framework",
				"${BUILT_PRODUCTS_DIR}/RxCocoa/RxCocoa.framework",
				"${BUILT_PRODUCTS_DIR}/RxSwift/RxSwift.framework",
				"${PODS_ROOT}/TwitterCore/iOS/TwitterCore.framework",
				"${PODS_ROOT}/TwitterKit/iOS/TwitterKit.framework",
				"${BUILT_PRODUCTS_DIR}/leveldb-library/leveldb.framework",
				"${BUILT_PRODUCTS_DIR}/nanopb/nanopb.framework",
			);
			name = "[CP] Embed Pods Frameworks";
			outputPaths = (
				"${TARGET_BUILD_DIR}/${FRAMEWORKS_FOLDER_PATH}/Bolts.framework",
				"${TARGET_BUILD_DIR}/${FRAMEWORKS_FOLDER_PATH}/FBSDKCoreKit.framework",
				"${TARGET_BUILD_DIR}/${FRAMEWORKS_FOLDER_PATH}/FBSDKLoginKit.framework",
				"${TARGET_BUILD_DIR}/${FRAMEWORKS_FOLDER_PATH}/FacebookCore.framework",
				"${TARGET_BUILD_DIR}/${FRAMEWORKS_FOLDER_PATH}/FacebookLogin.framework",
				"${TARGET_BUILD_DIR}/${FRAMEWORKS_FOLDER_PATH}/GTMOAuth2.framework",
				"${TARGET_BUILD_DIR}/${FRAMEWORKS_FOLDER_PATH}/GTMSessionFetcher.framework",
				"${TARGET_BUILD_DIR}/${FRAMEWORKS_FOLDER_PATH}/GoogleToolboxForMac.framework",
				"${TARGET_BUILD_DIR}/${FRAMEWORKS_FOLDER_PATH}/MessageKit.framework",
				"${TARGET_BUILD_DIR}/${FRAMEWORKS_FOLDER_PATH}/RxCocoa.framework",
				"${TARGET_BUILD_DIR}/${FRAMEWORKS_FOLDER_PATH}/RxSwift.framework",
				"${TARGET_BUILD_DIR}/${FRAMEWORKS_FOLDER_PATH}/TwitterCore.framework",
				"${TARGET_BUILD_DIR}/${FRAMEWORKS_FOLDER_PATH}/TwitterKit.framework",
				"${TARGET_BUILD_DIR}/${FRAMEWORKS_FOLDER_PATH}/leveldb.framework",
				"${TARGET_BUILD_DIR}/${FRAMEWORKS_FOLDER_PATH}/nanopb.framework",
			);
			runOnlyForDeploymentPostprocessing = 0;
			shellPath = /bin/sh;
			shellScript = "\"${SRCROOT}/Pods/Target Support Files/Pods-ProjectX/Pods-ProjectX-frameworks.sh\"\n";
			showEnvVarsInLog = 0;
		};
		8D401B6CF6B74DF8DF26AA6A /* [CP] Check Pods Manifest.lock */ = {
			isa = PBXShellScriptBuildPhase;
			buildActionMask = 2147483647;
			files = (
			);
			inputPaths = (
				"${PODS_PODFILE_DIR_PATH}/Podfile.lock",
				"${PODS_ROOT}/Manifest.lock",
			);
			name = "[CP] Check Pods Manifest.lock";
			outputPaths = (
				"$(DERIVED_FILE_DIR)/Pods-ProjectX-checkManifestLockResult.txt",
			);
			runOnlyForDeploymentPostprocessing = 0;
			shellPath = /bin/sh;
			shellScript = "diff \"${PODS_PODFILE_DIR_PATH}/Podfile.lock\" \"${PODS_ROOT}/Manifest.lock\" > /dev/null\nif [ $? != 0 ] ; then\n    # print error to STDERR\n    echo \"error: The sandbox is not in sync with the Podfile.lock. Run 'pod install' or update your CocoaPods installation.\" >&2\n    exit 1\nfi\n# This output is used by Xcode 'outputs' to avoid re-running this script phase.\necho \"SUCCESS\" > \"${SCRIPT_OUTPUT_FILE_0}\"\n";
			showEnvVarsInLog = 0;
		};
		A949CD2DDD0DC303557FFB2F /* [CP] Copy Pods Resources */ = {
			isa = PBXShellScriptBuildPhase;
			buildActionMask = 2147483647;
			files = (
			);
			inputPaths = (
				"${SRCROOT}/Pods/Target Support Files/Pods-ProjectX/Pods-ProjectX-resources.sh",
				"${PODS_ROOT}/GoogleSignIn/Resources/GoogleSignIn.bundle",
				"${PODS_ROOT}/TwitterKit/iOS/TwitterKit.framework/TwitterKitResources.bundle",
				"${PODS_ROOT}/TwitterKit/iOS/TwitterKit.framework/TwitterShareExtensionUIResources.bundle",
			);
			name = "[CP] Copy Pods Resources";
			outputPaths = (
				"${TARGET_BUILD_DIR}/${UNLOCALIZED_RESOURCES_FOLDER_PATH}/GoogleSignIn.bundle",
				"${TARGET_BUILD_DIR}/${UNLOCALIZED_RESOURCES_FOLDER_PATH}/TwitterKitResources.bundle",
				"${TARGET_BUILD_DIR}/${UNLOCALIZED_RESOURCES_FOLDER_PATH}/TwitterShareExtensionUIResources.bundle",
			);
			runOnlyForDeploymentPostprocessing = 0;
			shellPath = /bin/sh;
			shellScript = "\"${SRCROOT}/Pods/Target Support Files/Pods-ProjectX/Pods-ProjectX-resources.sh\"\n";
			showEnvVarsInLog = 0;
		};
/* End PBXShellScriptBuildPhase section */

/* Begin PBXSourcesBuildPhase section */
		5FC3DAC6209267AC00DD42F4 /* Sources */ = {
			isa = PBXSourcesBuildPhase;
			buildActionMask = 2147483647;
			files = (
				5FA0937F209271E40023CB8D /* CustomTextField.swift in Sources */,
				555E168B20A13A8600ABB5D2 /* PhoneViewController.swift in Sources */,
				5F7E422020B4BBDE0069B9C5 /* ChatViewController.swift in Sources */,
				5F7E422220B4BF850069B9C5 /* MockMessage.swift in Sources */,
				5FA0937E209271E40023CB8D /* CustomButtonWithIcon.swift in Sources */,
				5FA0938620927B590023CB8D /* SocialViewController.swift in Sources */,
				5F902FA3209A24CD0091EE89 /* RoomChatViewController.swift in Sources */,
				5FC3DAD0209267AC00DD42F4 /* LoginViewController.swift in Sources */,
				5F941240209BBB4800243E8C /* Room.swift in Sources */,
				5FA09383209276440023CB8D /* AuthService.swift in Sources */,
				5FC3DACE209267AC00DD42F4 /* AppDelegate.swift in Sources */,
				5FA09380209271E40023CB8D /* CustomButton.swift in Sources */,
			);
			runOnlyForDeploymentPostprocessing = 0;
		};
/* End PBXSourcesBuildPhase section */

/* Begin PBXVariantGroup section */
		5FC3DAD1209267AC00DD42F4 /* Main.storyboard */ = {
			isa = PBXVariantGroup;
			children = (
				5FC3DAD2209267AC00DD42F4 /* Base */,
			);
			name = Main.storyboard;
			sourceTree = "<group>";
		};
		5FC3DAD6209267AE00DD42F4 /* LaunchScreen.storyboard */ = {
			isa = PBXVariantGroup;
			children = (
				5FC3DAD7209267AE00DD42F4 /* Base */,
			);
			name = LaunchScreen.storyboard;
			sourceTree = "<group>";
		};
/* End PBXVariantGroup section */

/* Begin XCBuildConfiguration section */
		5FC3DADA209267AE00DD42F4 /* Debug */ = {
			isa = XCBuildConfiguration;
			buildSettings = {
				ALWAYS_SEARCH_USER_PATHS = NO;
				CLANG_ANALYZER_NONNULL = YES;
				CLANG_ANALYZER_NUMBER_OBJECT_CONVERSION = YES_AGGRESSIVE;
				CLANG_CXX_LANGUAGE_STANDARD = "gnu++14";
				CLANG_CXX_LIBRARY = "libc++";
				CLANG_ENABLE_MODULES = YES;
				CLANG_ENABLE_OBJC_ARC = YES;
				CLANG_ENABLE_OBJC_WEAK = YES;
				CLANG_WARN_BLOCK_CAPTURE_AUTORELEASING = YES;
				CLANG_WARN_BOOL_CONVERSION = YES;
				CLANG_WARN_COMMA = YES;
				CLANG_WARN_CONSTANT_CONVERSION = YES;
				CLANG_WARN_DEPRECATED_OBJC_IMPLEMENTATIONS = YES;
				CLANG_WARN_DIRECT_OBJC_ISA_USAGE = YES_ERROR;
				CLANG_WARN_DOCUMENTATION_COMMENTS = YES;
				CLANG_WARN_EMPTY_BODY = YES;
				CLANG_WARN_ENUM_CONVERSION = YES;
				CLANG_WARN_INFINITE_RECURSION = YES;
				CLANG_WARN_INT_CONVERSION = YES;
				CLANG_WARN_NON_LITERAL_NULL_CONVERSION = YES;
				CLANG_WARN_OBJC_IMPLICIT_RETAIN_SELF = YES;
				CLANG_WARN_OBJC_LITERAL_CONVERSION = YES;
				CLANG_WARN_OBJC_ROOT_CLASS = YES_ERROR;
				CLANG_WARN_RANGE_LOOP_ANALYSIS = YES;
				CLANG_WARN_STRICT_PROTOTYPES = YES;
				CLANG_WARN_SUSPICIOUS_MOVE = YES;
				CLANG_WARN_UNGUARDED_AVAILABILITY = YES_AGGRESSIVE;
				CLANG_WARN_UNREACHABLE_CODE = YES;
				CLANG_WARN__DUPLICATE_METHOD_MATCH = YES;
				CODE_SIGN_IDENTITY = "iPhone Developer";
				COPY_PHASE_STRIP = NO;
				DEBUG_INFORMATION_FORMAT = dwarf;
				ENABLE_STRICT_OBJC_MSGSEND = YES;
				ENABLE_TESTABILITY = YES;
				GCC_C_LANGUAGE_STANDARD = gnu11;
				GCC_DYNAMIC_NO_PIC = NO;
				GCC_NO_COMMON_BLOCKS = YES;
				GCC_OPTIMIZATION_LEVEL = 0;
				GCC_PREPROCESSOR_DEFINITIONS = (
					"DEBUG=1",
					"$(inherited)",
				);
				GCC_WARN_64_TO_32_BIT_CONVERSION = YES;
				GCC_WARN_ABOUT_RETURN_TYPE = YES_ERROR;
				GCC_WARN_UNDECLARED_SELECTOR = YES;
				GCC_WARN_UNINITIALIZED_AUTOS = YES_AGGRESSIVE;
				GCC_WARN_UNUSED_FUNCTION = YES;
				GCC_WARN_UNUSED_VARIABLE = YES;
				IPHONEOS_DEPLOYMENT_TARGET = 11.3;
				MTL_ENABLE_DEBUG_INFO = YES;
				ONLY_ACTIVE_ARCH = YES;
				SDKROOT = iphoneos;
				SWIFT_ACTIVE_COMPILATION_CONDITIONS = DEBUG;
				SWIFT_OPTIMIZATION_LEVEL = "-Onone";
			};
			name = Debug;
		};
		5FC3DADB209267AE00DD42F4 /* Release */ = {
			isa = XCBuildConfiguration;
			buildSettings = {
				ALWAYS_SEARCH_USER_PATHS = NO;
				CLANG_ANALYZER_NONNULL = YES;
				CLANG_ANALYZER_NUMBER_OBJECT_CONVERSION = YES_AGGRESSIVE;
				CLANG_CXX_LANGUAGE_STANDARD = "gnu++14";
				CLANG_CXX_LIBRARY = "libc++";
				CLANG_ENABLE_MODULES = YES;
				CLANG_ENABLE_OBJC_ARC = YES;
				CLANG_ENABLE_OBJC_WEAK = YES;
				CLANG_WARN_BLOCK_CAPTURE_AUTORELEASING = YES;
				CLANG_WARN_BOOL_CONVERSION = YES;
				CLANG_WARN_COMMA = YES;
				CLANG_WARN_CONSTANT_CONVERSION = YES;
				CLANG_WARN_DEPRECATED_OBJC_IMPLEMENTATIONS = YES;
				CLANG_WARN_DIRECT_OBJC_ISA_USAGE = YES_ERROR;
				CLANG_WARN_DOCUMENTATION_COMMENTS = YES;
				CLANG_WARN_EMPTY_BODY = YES;
				CLANG_WARN_ENUM_CONVERSION = YES;
				CLANG_WARN_INFINITE_RECURSION = YES;
				CLANG_WARN_INT_CONVERSION = YES;
				CLANG_WARN_NON_LITERAL_NULL_CONVERSION = YES;
				CLANG_WARN_OBJC_IMPLICIT_RETAIN_SELF = YES;
				CLANG_WARN_OBJC_LITERAL_CONVERSION = YES;
				CLANG_WARN_OBJC_ROOT_CLASS = YES_ERROR;
				CLANG_WARN_RANGE_LOOP_ANALYSIS = YES;
				CLANG_WARN_STRICT_PROTOTYPES = YES;
				CLANG_WARN_SUSPICIOUS_MOVE = YES;
				CLANG_WARN_UNGUARDED_AVAILABILITY = YES_AGGRESSIVE;
				CLANG_WARN_UNREACHABLE_CODE = YES;
				CLANG_WARN__DUPLICATE_METHOD_MATCH = YES;
				CODE_SIGN_IDENTITY = "iPhone Developer";
				COPY_PHASE_STRIP = NO;
				DEBUG_INFORMATION_FORMAT = "dwarf-with-dsym";
				ENABLE_NS_ASSERTIONS = NO;
				ENABLE_STRICT_OBJC_MSGSEND = YES;
				GCC_C_LANGUAGE_STANDARD = gnu11;
				GCC_NO_COMMON_BLOCKS = YES;
				GCC_WARN_64_TO_32_BIT_CONVERSION = YES;
				GCC_WARN_ABOUT_RETURN_TYPE = YES_ERROR;
				GCC_WARN_UNDECLARED_SELECTOR = YES;
				GCC_WARN_UNINITIALIZED_AUTOS = YES_AGGRESSIVE;
				GCC_WARN_UNUSED_FUNCTION = YES;
				GCC_WARN_UNUSED_VARIABLE = YES;
				IPHONEOS_DEPLOYMENT_TARGET = 11.3;
				MTL_ENABLE_DEBUG_INFO = NO;
				SDKROOT = iphoneos;
				SWIFT_COMPILATION_MODE = wholemodule;
				SWIFT_OPTIMIZATION_LEVEL = "-O";
				VALIDATE_PRODUCT = YES;
			};
			name = Release;
		};
		5FC3DADD209267AE00DD42F4 /* Debug */ = {
			isa = XCBuildConfiguration;
			baseConfigurationReference = A9F24693BCDEFCC13737BEE3 /* Pods-ProjectX.debug.xcconfig */;
			buildSettings = {
				ASSETCATALOG_COMPILER_APPICON_NAME = AppIcon;
				CODE_SIGN_ENTITLEMENTS = ProjectX/ProjectX.entitlements;
				CODE_SIGN_STYLE = Automatic;
				DEVELOPMENT_TEAM = V955BVJ3RR;
				INFOPLIST_FILE = ProjectX/Info.plist;
				LD_RUNPATH_SEARCH_PATHS = (
					"$(inherited)",
					"@executable_path/Frameworks",
				);
				PRODUCT_BUNDLE_IDENTIFIER = com.brangerbriz.ProjectX;
				PRODUCT_NAME = "$(TARGET_NAME)";
				SWIFT_VERSION = 4.0;
				TARGETED_DEVICE_FAMILY = "1,2";
			};
			name = Debug;
		};
		5FC3DADE209267AE00DD42F4 /* Release */ = {
			isa = XCBuildConfiguration;
			baseConfigurationReference = 4E61F0DAD75EE5117BC7EB4D /* Pods-ProjectX.release.xcconfig */;
			buildSettings = {
				ASSETCATALOG_COMPILER_APPICON_NAME = AppIcon;
				CODE_SIGN_ENTITLEMENTS = ProjectX/ProjectX.entitlements;
				CODE_SIGN_STYLE = Automatic;
				DEVELOPMENT_TEAM = V955BVJ3RR;
				INFOPLIST_FILE = ProjectX/Info.plist;
				LD_RUNPATH_SEARCH_PATHS = (
					"$(inherited)",
					"@executable_path/Frameworks",
				);
				PRODUCT_BUNDLE_IDENTIFIER = com.brangerbriz.ProjectX;
				PRODUCT_NAME = "$(TARGET_NAME)";
				SWIFT_VERSION = 4.0;
				TARGETED_DEVICE_FAMILY = "1,2";
			};
			name = Release;
		};
/* End XCBuildConfiguration section */

/* Begin XCConfigurationList section */
		5FC3DAC5209267AC00DD42F4 /* Build configuration list for PBXProject "ProjectX" */ = {
			isa = XCConfigurationList;
			buildConfigurations = (
				5FC3DADA209267AE00DD42F4 /* Debug */,
				5FC3DADB209267AE00DD42F4 /* Release */,
			);
			defaultConfigurationIsVisible = 0;
			defaultConfigurationName = Release;
		};
		5FC3DADC209267AE00DD42F4 /* Build configuration list for PBXNativeTarget "ProjectX" */ = {
			isa = XCConfigurationList;
			buildConfigurations = (
				5FC3DADD209267AE00DD42F4 /* Debug */,
				5FC3DADE209267AE00DD42F4 /* Release */,
			);
			defaultConfigurationIsVisible = 0;
			defaultConfigurationName = Release;
		};
/* End XCConfigurationList section */
	};
	rootObject = 5FC3DAC2209267AC00DD42F4 /* Project object */;
}
